
Microsoft Visual Studio Solution File, Format Version 12.00
# Visual Studio Version 16
VisualStudioVersion = 16.0.32802.440
MinimumVisualStudioVersion = 10.0.40219.1
Project("{FAE04EC0-301F-11D3-BF4B-00C04F79EFBC}") = "PWProjectFS", "PWProjectFS.csproj", "{2E4A0B41-093C-4D79-8204-BB95A4DDFD24}"
EndProject
Global
	GlobalSection(SolutionConfigurationPlatforms) = preSolution
		Debug|Any CPU = Debug|Any CPU
		Release|Any CPU = Release|Any CPU
	EndGlobalSection
	GlobalSection(ProjectConfigurationPlatforms) = postSolution
		{2E4A0B41-093C-4D79-8204-BB95A4DDFD24}.Debug|Any CPU.ActiveCfg = Debug|Any CPU
		{2E4A0B41-093C-4D79-8204-BB95A4DDFD24}.Debug|Any CPU.Build.0 = Debug|Any CPU
		{2E4A0B41-093C-4D79-8204-BB95A4DDFD24}.Release|Any CPU.ActiveCfg = Release|Any CPU
		{2E4A0B41-093C-4D79-8204-BB95A4DDFD24}.Release|Any CPU.Build.0 = Release|Any CPU
	EndGlobalSection
	GlobalSection(SolutionProperties) = preSolution
		HideSolutionNode = FALSE
	EndGlobalSection
	GlobalSection(ExtensibilityGlobals) = postSolution
		SolutionGuid = {05672EDD-D612-486E-A15D-432B04654CE6}
	EndGlobalSection
EndGlobal
